
Microsoft Visual Studio Solution File, Format Version 12.00
# Visual Studio Version 16
VisualStudioVersion = 16.0.30611.23
MinimumVisualStudioVersion = 10.0.40219.1
Project("{FAE04EC0-301F-11D3-BF4B-00C04F79EFBC}") = "UTF3-EJER6", "UTF3-EJER6\UTF3-EJER6.csproj", "{FB5CD46A-FFBE-4FC8-A6BD-6B521E54272A}"
EndProject
Global
	GlobalSection(SolutionConfigurationPlatforms) = preSolution
		Debug|Any CPU = Debug|Any CPU
		Release|Any CPU = Release|Any CPU
	EndGlobalSection
	GlobalSection(ProjectConfigurationPlatforms) = postSolution
		{FB5CD46A-FFBE-4FC8-A6BD-6B521E54272A}.Debug|Any CPU.ActiveCfg = Debug|Any CPU
		{FB5CD46A-FFBE-4FC8-A6BD-6B521E54272A}.Debug|Any CPU.Build.0 = Debug|Any CPU
		{FB5CD46A-FFBE-4FC8-A6BD-6B521E54272A}.Release|Any CPU.ActiveCfg = Release|Any CPU
		{FB5CD46A-FFBE-4FC8-A6BD-6B521E54272A}.Release|Any CPU.Build.0 = Release|Any CPU
	EndGlobalSection
	GlobalSection(SolutionProperties) = preSolution
		HideSolutionNode = FALSE
	EndGlobalSection
	GlobalSection(ExtensibilityGlobals) = postSolution
		SolutionGuid = {88796CB6-1948-4074-8BC5-91068FC45C7E}
	EndGlobalSection
EndGlobal
